{
    "version": 3,
    "terraform_version": "0.11.11",
    "serial": 5,
    "lineage": "64fc6faa-ff90-da34-2d54-018770b8ef5b",
    "modules": [
        {
            "path": [
                "root"
            ],
            "outputs": {},
            "resources": {
                "aws_route53_zone.private": {
                    "type": "aws_route53_zone",
                    "depends_on": [],
                    "primary": {
                        "id": "Z3GBDRAFS32WSU",
                        "attributes": {
                            "comment": "NOL Test",
                            "delegation_set_id": "",
                            "id": "Z3GBDRAFS32WSU",
                            "name": "wa-test-nolntc.dwpcloud.uk.",
                            "name_servers.#": "4",
                            "name_servers.0": "ns-0.awsdns-00.com.",
                            "name_servers.1": "ns-1024.awsdns-00.org.",
                            "name_servers.2": "ns-1536.awsdns-00.co.uk.",
                            "name_servers.3": "ns-512.awsdns-00.net.",
                            "tags.%": "0",
                            "vpc.#": "2",
                            "vpc.234168250.vpc_id": "vpc-0d2149c07b7b8589d",
                            "vpc.234168250.vpc_region": "eu-west-2",
                            "vpc.3390098074.vpc_id": "vpc-0a502c118b3318f75",
                            "vpc.3390098074.vpc_region": "eu-west-2",
                            "vpc_id": "",
                            "vpc_region": "",
                            "zone_id": "Z3GBDRAFS32WSU"
                        },
                        "meta": {},
                        "tainted": false
                    },
                    "deposed": [],
                    "provider": "provider.aws"
                },
                "data.terraform_remote_state.network": {
                    "type": "terraform_remote_state",
                    "depends_on": [],
                    "primary": {
                        "id": "2019-04-01 18:16:13.254362 +0000 UTC",
                        "attributes": {
                            "asg_tags.#": "4",
                            "asg_tags.0.%": "3",
                            "asg_tags.0.key": "Environment",
                            "asg_tags.0.propagate_at_launch": "1",
                            "asg_tags.0.value": "NOLNTC Non-Production",
                            "asg_tags.1.%": "3",
                            "asg_tags.1.key": "Application",
                            "asg_tags.1.propagate_at_launch": "1",
                            "asg_tags.1.value": "nol-ntc-r",
                            "asg_tags.2.%": "3",
                            "asg_tags.2.key": "Costcode",
                            "asg_tags.2.propagate_at_launch": "1",
                            "asg_tags.2.value": "CC001",
                            "asg_tags.3.%": "3",
                            "asg_tags.3.key": "Owner",
                            "asg_tags.3.propagate_at_launch": "1",
                            "asg_tags.3.value": "AO001",
                            "backend": "s3",
                            "bastion_security_group_id": "sg-05ed325b36c5f918e",
                            "config.#": "1",
                            "config.1894546551.bucket": "dwp-nolntc-dev-terraform-states",
                            "config.1894546551.key": "nol-ntc-r/network",
                            "config.1894546551.region": "eu-west-2",
                            "environment": "default",
                            "governance_tags.%": "4",
                            "governance_tags.Application": "nol-ntc-r",
                            "governance_tags.Costcode": "CC001",
                            "governance_tags.Environment": "NOLNTC Non-Production",
                            "governance_tags.Owner": "AO001",
                            "id": "2019-04-01 18:16:13.254362 +0000 UTC",
                            "mgmt_vpc_cidr": "10.85.169.0/25",
                            "mgmt_vpc_id": "vpc-05ec2dd458b4d1896",
                            "mgmt_vpc_route_table_ids.#": "4",
                            "mgmt_vpc_route_table_ids.0": "rtb-035bbd852aa077987",
                            "mgmt_vpc_route_table_ids.1": "rtb-0f6f466b209f7901c",
                            "mgmt_vpc_route_table_ids.2": "rtb-0caecb49f5eb7003d",
                            "mgmt_vpc_route_table_ids.3": "rtb-09c7c3e7efd2d0105",
                            "mgmt_vpc_subnet_ids.#": "4",
                            "mgmt_vpc_subnet_ids.0": "subnet-0b5de85d7ffb12228",
                            "mgmt_vpc_subnet_ids.1": "subnet-03102ecf2ec9b49cc",
                            "mgmt_vpc_subnet_ids.2": "subnet-0a747ad1c367f326e",
                            "mgmt_vpc_subnet_ids.3": "subnet-001b75728f05209f0",
                            "preprod_vpc_cidr": "10.85.168.0/25",
                            "preprod_vpc_id": "vpc-0d2149c07b7b8589d",
                            "preprod_vpc_route_table_ids.#": "4",
                            "preprod_vpc_route_table_ids.0": "rtb-0885f93d6efb19829",
                            "preprod_vpc_route_table_ids.1": "rtb-0b8e090ee235f42f8",
                            "preprod_vpc_route_table_ids.2": "rtb-0c00f86e0e862f859",
                            "preprod_vpc_route_table_ids.3": "rtb-0c6cfdb1f3ee70f02",
                            "preprod_vpc_subnet_ids.#": "4",
                            "preprod_vpc_subnet_ids.0": "subnet-08abe2519da980f36",
                            "preprod_vpc_subnet_ids.1": "subnet-069f168c4e4e3a943",
                            "preprod_vpc_subnet_ids.2": "subnet-071300ce5d947ddca",
                            "preprod_vpc_subnet_ids.3": "subnet-03e1913f061b7451c",
                            "prod_vpc_cidr": "10.85.168.128/25",
                            "prod_vpc_id": "vpc-06ab514b5cfd13db3",
                            "prod_vpc_route_table_ids.#": "4",
                            "prod_vpc_route_table_ids.0": "rtb-0067d72bf74906875",
                            "prod_vpc_route_table_ids.1": "rtb-0d87a62970be76096",
                            "prod_vpc_route_table_ids.2": "rtb-0b63517efe2c0c9db",
                            "prod_vpc_route_table_ids.3": "rtb-0b5dc1bc02312f5fb",
                            "prod_vpc_subnet_ids.#": "4",
                            "prod_vpc_subnet_ids.0": "subnet-0ab7558bd6d918288",
                            "prod_vpc_subnet_ids.1": "subnet-093fcaaca7e2bc733",
                            "prod_vpc_subnet_ids.2": "subnet-09d30cf85cc1c6d58",
                            "prod_vpc_subnet_ids.3": "subnet-0d767535935226f98",
                            "squid-sg": "sg-09f1ee6c29f2021c3",
                            "squid_private_ip": "10.85.169.10",
                            "workspace": "nonproduction"
                        },
                        "meta": {},
                        "tainted": false
                    },
                    "deposed": [],
                    "provider": "provider.terraform"
                }
            },
            "depends_on": []
        }
    ]
}
